
Microsoft Visual Studio Solution File, Format Version 12.00
# Visual Studio Version 16
VisualStudioVersion = 16.0.29503.13
MinimumVisualStudioVersion = 10.0.40219.1
Project("{FAE04EC0-301F-11D3-BF4B-00C04F79EFBC}") = "Angelplayer_Client", "Angelplayer_Client\Angelplayer_Client.csproj", "{154540BE-2876-4A94-9651-8501E5022581}"
EndProject
Global
	GlobalSection(SolutionConfigurationPlatforms) = preSolution
		Debug|Any CPU = Debug|Any CPU
		Release|Any CPU = Release|Any CPU
	EndGlobalSection
	GlobalSection(ProjectConfigurationPlatforms) = postSolution
		{154540BE-2876-4A94-9651-8501E5022581}.Debug|Any CPU.ActiveCfg = Debug|Any CPU
		{154540BE-2876-4A94-9651-8501E5022581}.Debug|Any CPU.Build.0 = Debug|Any CPU
		{154540BE-2876-4A94-9651-8501E5022581}.Release|Any CPU.ActiveCfg = Release|Any CPU
		{154540BE-2876-4A94-9651-8501E5022581}.Release|Any CPU.Build.0 = Release|Any CPU
	EndGlobalSection
	GlobalSection(SolutionProperties) = preSolution
		HideSolutionNode = FALSE
	EndGlobalSection
	GlobalSection(ExtensibilityGlobals) = postSolution
		SolutionGuid = {7546D0EE-E076-4B05-B8AB-161F5EAAC827}
	EndGlobalSection
EndGlobal
